// !$*UTF8*$!
{
	archiveVersion = 1;
	classes = {
	};
	objectVersion = 55;
	objects = {

/* Begin PBXBuildFile section */
		9B06839D29DEC12F00EF3F2F /* AppDelegate.m in Sources */ = {isa = PBXBuildFile; fileRef = 9B06839C29DEC12F00EF3F2F /* AppDelegate.m */; };
		9B0683A029DEC12F00EF3F2F /* SceneDelegate.m in Sources */ = {isa = PBXBuildFile; fileRef = 9B06839F29DEC12F00EF3F2F /* SceneDelegate.m */; };
		9B0683A329DEC12F00EF3F2F /* ViewController.m in Sources */ = {isa = PBXBuildFile; fileRef = 9B0683A229DEC12F00EF3F2F /* ViewController.m */; };
		9B0683A629DEC12F00EF3F2F /* Main.storyboard in Resources */ = {isa = PBXBuildFile; fileRef = 9B0683A429DEC12F00EF3F2F /* Main.storyboard */; };
		9B0683A829DEC13000EF3F2F /* Assets.xcassets in Resources */ = {isa = PBXBuildFile; fileRef = 9B0683A729DEC13000EF3F2F /* Assets.xcassets */; };
		9B0683AB29DEC13000EF3F2F /* LaunchScreen.storyboard in Resources */ = {isa = PBXBuildFile; fileRef = 9B0683A929DEC13000EF3F2F /* LaunchScreen.storyboard */; };
		9B0683AE29DEC13000EF3F2F /* main.m in Sources */ = {isa = PBXBuildFile; fileRef = 9B0683AD29DEC13000EF3F2F /* main.m */; };
		9BD4973629E596F200C9C84D /* GoogleService-Info.plist in Resources */ = {isa = PBXBuildFile; fileRef = 9B0683BA29E57E7100EF3F2F /* GoogleService-Info.plist */; };
		DA7738672B961FC7ECC318E4 /* Pods_FirebaseOTPSample.framework in Frameworks */ = {isa = PBXBuildFile; fileRef = 77C49C4E7E5349E073B429A8 /* Pods_FirebaseOTPSample.framework */; };
/* End PBXBuildFile section */

/* Begin PBXCopyFilesBuildPhase section */
		9B0683BD29E58C6B00EF3F2F /* Embed Frameworks */ = {
			isa = PBXCopyFilesBuildPhase;
			buildActionMask = 2147483647;
			dstPath = "";
			dstSubfolderSpec = 10;
			files = (
			);
			name = "Embed Frameworks";
			runOnlyForDeploymentPostprocessing = 0;
		};
/* End PBXCopyFilesBuildPhase section */

/* Begin PBXFileReference section */
		77C49C4E7E5349E073B429A8 /* Pods_FirebaseOTPSample.framework */ = {isa = PBXFileReference; explicitFileType = wrapper.framework; includeInIndex = 0; path = Pods_FirebaseOTPSample.framework; sourceTree = BUILT_PRODUCTS_DIR; };
		9B06839829DEC12F00EF3F2F /* FirebaseOTPSample.app */ = {isa = PBXFileReference; explicitFileType = wrapper.application; includeInIndex = 0; path = FirebaseOTPSample.app; sourceTree = BUILT_PRODUCTS_DIR; };
		9B06839B29DEC12F00EF3F2F /* AppDelegate.h */ = {isa = PBXFileReference; lastKnownFileType = sourcecode.c.h; path = AppDelegate.h; sourceTree = "<group>"; };
		9B06839C29DEC12F00EF3F2F /* AppDelegate.m */ = {isa = PBXFileReference; lastKnownFileType = sourcecode.c.objc; path = AppDelegate.m; sourceTree = "<group>"; };
		9B06839E29DEC12F00EF3F2F /* SceneDelegate.h */ = {isa = PBXFileReference; lastKnownFileType = sourcecode.c.h; path = SceneDelegate.h; sourceTree = "<group>"; };
		9B06839F29DEC12F00EF3F2F /* SceneDelegate.m */ = {isa = PBXFileReference; lastKnownFileType = sourcecode.c.objc; path = SceneDelegate.m; sourceTree = "<group>"; };
		9B0683A129DEC12F00EF3F2F /* ViewController.h */ = {isa = PBXFileReference; lastKnownFileType = sourcecode.c.h; path = ViewController.h; sourceTree = "<group>"; };
		9B0683A229DEC12F00EF3F2F /* ViewController.m */ = {isa = PBXFileReference; lastKnownFileType = sourcecode.c.objc; path = ViewController.m; sourceTree = "<group>"; };
		9B0683A529DEC12F00EF3F2F /* Base */ = {isa = PBXFileReference; lastKnownFileType = file.storyboard; name = Base; path = Base.lproj/Main.storyboard; sourceTree = "<group>"; };
		9B0683A729DEC13000EF3F2F /* Assets.xcassets */ = {isa = PBXFileReference; lastKnownFileType = folder.assetcatalog; path = Assets.xcassets; sourceTree = "<group>"; };
		9B0683AA29DEC13000EF3F2F /* Base */ = {isa = PBXFileReference; lastKnownFileType = file.storyboard; name = Base; path = Base.lproj/LaunchScreen.storyboard; sourceTree = "<group>"; };
		9B0683AC29DEC13000EF3F2F /* Info.plist */ = {isa = PBXFileReference; lastKnownFileType = text.plist.xml; path = Info.plist; sourceTree = "<group>"; };
		9B0683AD29DEC13000EF3F2F /* main.m */ = {isa = PBXFileReference; lastKnownFileType = sourcecode.c.objc; path = main.m; sourceTree = "<group>"; };
		9B0683BA29E57E7100EF3F2F /* GoogleService-Info.plist */ = {isa = PBXFileReference; lastKnownFileType = text.plist.xml; path = "GoogleService-Info.plist"; sourceTree = "<group>"; };
		9FCE8806E4DE98CC1D74B901 /* Pods-FirebaseOTPSample.debug.xcconfig */ = {isa = PBXFileReference; includeInIndex = 1; lastKnownFileType = text.xcconfig; name = "Pods-FirebaseOTPSample.debug.xcconfig"; path = "Target Support Files/Pods-FirebaseOTPSample/Pods-FirebaseOTPSample.debug.xcconfig"; sourceTree = "<group>"; };
		FD89A24E717F535889828189 /* Pods-FirebaseOTPSample.release.xcconfig */ = {isa = PBXFileReference; includeInIndex = 1; lastKnownFileType = text.xcconfig; name = "Pods-FirebaseOTPSample.release.xcconfig"; path = "Target Support Files/Pods-FirebaseOTPSample/Pods-FirebaseOTPSample.release.xcconfig"; sourceTree = "<group>"; };
/* End PBXFileReference section */

/* Begin PBXFrameworksBuildPhase section */
		9B06839529DEC12F00EF3F2F /* Frameworks */ = {
			isa = PBXFrameworksBuildPhase;
			buildActionMask = 2147483647;
			files = (
				DA7738672B961FC7ECC318E4 /* Pods_FirebaseOTPSample.framework in Frameworks */,
			);
			runOnlyForDeploymentPostprocessing = 0;
		};
/* End PBXFrameworksBuildPhase section */

/* Begin PBXGroup section */
		61274F8A3467855F2D00BF65 /* Pods */ = {
			isa = PBXGroup;
			children = (
				9FCE8806E4DE98CC1D74B901 /* Pods-FirebaseOTPSample.debug.xcconfig */,
				FD89A24E717F535889828189 /* Pods-FirebaseOTPSample.release.xcconfig */,
			);
			path = Pods;
			sourceTree = "<group>";
		};
		9B06838F29DEC12F00EF3F2F = {
			isa = PBXGroup;
			children = (
				9B06839A29DEC12F00EF3F2F /* FirebaseOTPSample */,
				9B06839929DEC12F00EF3F2F /* Products */,
				61274F8A3467855F2D00BF65 /* Pods */,
				B1781A4DBFDF1884CF690379 /* Frameworks */,
			);
			sourceTree = "<group>";
		};
		9B06839929DEC12F00EF3F2F /* Products */ = {
			isa = PBXGroup;
			children = (
				9B06839829DEC12F00EF3F2F /* FirebaseOTPSample.app */,
			);
			name = Products;
			sourceTree = "<group>";
		};
		9B06839A29DEC12F00EF3F2F /* FirebaseOTPSample */ = {
			isa = PBXGroup;
			children = (
				9B06839B29DEC12F00EF3F2F /* AppDelegate.h */,
				9B06839C29DEC12F00EF3F2F /* AppDelegate.m */,
				9B06839E29DEC12F00EF3F2F /* SceneDelegate.h */,
				9B06839F29DEC12F00EF3F2F /* SceneDelegate.m */,
				9B0683A129DEC12F00EF3F2F /* ViewController.h */,
				9B0683A229DEC12F00EF3F2F /* ViewController.m */,
				9B0683A429DEC12F00EF3F2F /* Main.storyboard */,
				9B0683A729DEC13000EF3F2F /* Assets.xcassets */,
				9B0683A929DEC13000EF3F2F /* LaunchScreen.storyboard */,
				9B0683BA29E57E7100EF3F2F /* GoogleService-Info.plist */,
				9B0683AC29DEC13000EF3F2F /* Info.plist */,
				9B0683AD29DEC13000EF3F2F /* main.m */,
			);
			path = FirebaseOTPSample;
			sourceTree = "<group>";
		};
		B1781A4DBFDF1884CF690379 /* Frameworks */ = {
			isa = PBXGroup;
			children = (
				77C49C4E7E5349E073B429A8 /* Pods_FirebaseOTPSample.framework */,
			);
			name = Frameworks;
			sourceTree = "<group>";
		};
/* End PBXGroup section */

/* Begin PBXNativeTarget section */
		9B06839729DEC12F00EF3F2F /* FirebaseOTPSample */ = {
			isa = PBXNativeTarget;
			buildConfigurationList = 9B0683B129DEC13000EF3F2F /* Build configuration list for PBXNativeTarget "FirebaseOTPSample" */;
			buildPhases = (
				C9B74267EF361E7B63CE55E8 /* [CP] Check Pods Manifest.lock */,
				9B06839429DEC12F00EF3F2F /* Sources */,
				9B06839529DEC12F00EF3F2F /* Frameworks */,
				9B06839629DEC12F00EF3F2F /* Resources */,
				9B0683BD29E58C6B00EF3F2F /* Embed Frameworks */,
				3C4F5C0587C5239354C4C2E8 /* [CP] Embed Pods Frameworks */,
			);
			buildRules = (
			);
			dependencies = (
			);
			name = FirebaseOTPSample;
			productName = FirebaseOTPSample;
			productReference = 9B06839829DEC12F00EF3F2F /* FirebaseOTPSample.app */;
			productType = "com.apple.product-type.application";
		};
/* End PBXNativeTarget section */

/* Begin PBXProject section */
		9B06839029DEC12F00EF3F2F /* Project object */ = {
			isa = PBXProject;
			attributes = {
				BuildIndependentTargetsInParallel = 1;
				LastUpgradeCheck = 1400;
				TargetAttributes = {
					9B06839729DEC12F00EF3F2F = {
						CreatedOnToolsVersion = 14.0.1;
					};
				};
			};
			buildConfigurationList = 9B06839329DEC12F00EF3F2F /* Build configuration list for PBXProject "FirebaseOTPSample" */;
			compatibilityVersion = "Xcode 13.0";
			developmentRegion = en;
			hasScannedForEncodings = 0;
			knownRegions = (
				en,
				Base,
			);
			mainGroup = 9B06838F29DEC12F00EF3F2F;
			productRefGroup = 9B06839929DEC12F00EF3F2F /* Products */;
			projectDirPath = "";
			projectRoot = "";
			targets = (
				9B06839729DEC12F00EF3F2F /* FirebaseOTPSample */,
			);
		};
/* End PBXProject section */

/* Begin PBXResourcesBuildPhase section */
		9B06839629DEC12F00EF3F2F /* Resources */ = {
			isa = PBXResourcesBuildPhase;
			buildActionMask = 2147483647;
			files = (
				9B0683AB29DEC13000EF3F2F /* LaunchScreen.storyboard in Resources */,
				9BD4973629E596F200C9C84D /* GoogleService-Info.plist in Resources */,
				9B0683A829DEC13000EF3F2F /* Assets.xcassets in Resources */,
				9B0683A629DEC12F00EF3F2F /* Main.storyboard in Resources */,
			);
			runOnlyForDeploymentPostprocessing = 0;
		};
/* End PBXResourcesBuildPhase section */

/* Begin PBXShellScriptBuildPhase section */
		3C4F5C0587C5239354C4C2E8 /* [CP] Embed Pods Frameworks */ = {
			isa = PBXShellScriptBuildPhase;
			buildActionMask = 2147483647;
			files = (
			);
			inputFileListPaths = (
				"${PODS_ROOT}/Target Support Files/Pods-FirebaseOTPSample/Pods-FirebaseOTPSample-frameworks-${CONFIGURATION}-input-files.xcfilelist",
			);
			name = "[CP] Embed Pods Frameworks";
			outputFileListPaths = (
				"${PODS_ROOT}/Target Support Files/Pods-FirebaseOTPSample/Pods-FirebaseOTPSample-frameworks-${CONFIGURATION}-output-files.xcfilelist",
			);
			runOnlyForDeploymentPostprocessing = 0;
			shellPath = /bin/sh;
			shellScript = "\"${PODS_ROOT}/Target Support Files/Pods-FirebaseOTPSample/Pods-FirebaseOTPSample-frameworks.sh\"\n";
			showEnvVarsInLog = 0;
		};
		C9B74267EF361E7B63CE55E8 /* [CP] Check Pods Manifest.lock */ = {
			isa = PBXShellScriptBuildPhase;
			buildActionMask = 2147483647;
			files = (
			);
			inputFileListPaths = (
			);
			inputPaths = (
				"${PODS_PODFILE_DIR_PATH}/Podfile.lock",
				"${PODS_ROOT}/Manifest.lock",
			);
			name = "[CP] Check Pods Manifest.lock";
			outputFileListPaths = (
			);
			outputPaths = (
				"$(DERIVED_FILE_DIR)/Pods-FirebaseOTPSample-checkManifestLockResult.txt",
			);
			runOnlyForDeploymentPostprocessing = 0;
			shellPath = /bin/sh;
			shellScript = "diff \"${PODS_PODFILE_DIR_PATH}/Podfile.lock\" \"${PODS_ROOT}/Manifest.lock\" > /dev/null\nif [ $? != 0 ] ; then\n    # print error to STDERR\n    echo \"error: The sandbox is not in sync with the Podfile.lock. Run 'pod install' or update your CocoaPods installation.\" >&2\n    exit 1\nfi\n# This output is used by Xcode 'outputs' to avoid re-running this script phase.\necho \"SUCCESS\" > \"${SCRIPT_OUTPUT_FILE_0}\"\n";
			showEnvVarsInLog = 0;
		};
/* End PBXShellScriptBuildPhase section */

/* Begin PBXSourcesBuildPhase section */
		9B06839429DEC12F00EF3F2F /* Sources */ = {
			isa = PBXSourcesBuildPhase;
			buildActionMask = 2147483647;
			files = (
				9B0683A329DEC12F00EF3F2F /* ViewController.m in Sources */,
				9B06839D29DEC12F00EF3F2F /* AppDelegate.m in Sources */,
				9B0683AE29DEC13000EF3F2F /* main.m in Sources */,
				9B0683A029DEC12F00EF3F2F /* SceneDelegate.m in Sources */,
			);
			runOnlyForDeploymentPostprocessing = 0;
		};
/* End PBXSourcesBuildPhase section */

/* Begin PBXVariantGroup section */
		9B0683A429DEC12F00EF3F2F /* Main.storyboard */ = {
			isa = PBXVariantGroup;
			children = (
				9B0683A529DEC12F00EF3F2F /* Base */,
			);
			name = Main.storyboard;
			sourceTree = "<group>";
		};
		9B0683A929DEC13000EF3F2F /* LaunchScreen.storyboard */ = {
			isa = PBXVariantGroup;
			children = (
				9B0683AA29DEC13000EF3F2F /* Base */,
			);
			name = LaunchScreen.storyboard;
			sourceTree = "<group>";
		};
/* End PBXVariantGroup section */

/* Begin XCBuildConfiguration section */
		9B0683AF29DEC13000EF3F2F /* Debug */ = {
			isa = XCBuildConfiguration;
			buildSettings = {
				ALWAYS_SEARCH_USER_PATHS = NO;
				CLANG_ANALYZER_NONNULL = YES;
				CLANG_ANALYZER_NUMBER_OBJECT_CONVERSION = YES_AGGRESSIVE;
				CLANG_CXX_LANGUAGE_STANDARD = "gnu++20";
				CLANG_ENABLE_MODULES = YES;
				CLANG_ENABLE_OBJC_ARC = YES;
				CLANG_ENABLE_OBJC_WEAK = YES;
				CLANG_WARN_BLOCK_CAPTURE_AUTORELEASING = YES;
				CLANG_WARN_BOOL_CONVERSION = YES;
				CLANG_WARN_COMMA = YES;
				CLANG_WARN_CONSTANT_CONVERSION = YES;
				CLANG_WARN_DEPRECATED_OBJC_IMPLEMENTATIONS = YES;
				CLANG_WARN_DIRECT_OBJC_ISA_USAGE = YES_ERROR;
				CLANG_WARN_DOCUMENTATION_COMMENTS = YES;
				CLANG_WARN_EMPTY_BODY = YES;
				CLANG_WARN_ENUM_CONVERSION = YES;
				CLANG_WARN_INFINITE_RECURSION = YES;
				CLANG_WARN_INT_CONVERSION = YES;
				CLANG_WARN_NON_LITERAL_NULL_CONVERSION = YES;
				CLANG_WARN_OBJC_IMPLICIT_RETAIN_SELF = YES;
				CLANG_WARN_OBJC_LITERAL_CONVERSION = YES;
				CLANG_WARN_OBJC_ROOT_CLASS = YES_ERROR;
				CLANG_WARN_QUOTED_INCLUDE_IN_FRAMEWORK_HEADER = YES;
				CLANG_WARN_RANGE_LOOP_ANALYSIS = YES;
				CLANG_WARN_STRICT_PROTOTYPES = YES;
				CLANG_WARN_SUSPICIOUS_MOVE = YES;
				CLANG_WARN_UNGUARDED_AVAILABILITY = YES_AGGRESSIVE;
				CLANG_WARN_UNREACHABLE_CODE = YES;
				CLANG_WARN__DUPLICATE_METHOD_MATCH = YES;
				COPY_PHASE_STRIP = NO;
				DEBUG_INFORMATION_FORMAT = dwarf;
				ENABLE_STRICT_OBJC_MSGSEND = YES;
				ENABLE_TESTABILITY = YES;
				GCC_C_LANGUAGE_STANDARD = gnu11;
				GCC_DYNAMIC_NO_PIC = NO;
				GCC_NO_COMMON_BLOCKS = YES;
				GCC_OPTIMIZATION_LEVEL = 0;
				GCC_PREPROCESSOR_DEFINITIONS = (
					"DEBUG=1",
					"$(inherited)",
				);
				GCC_WARN_64_TO_32_BIT_CONVERSION = YES;
				GCC_WARN_ABOUT_RETURN_TYPE = YES_ERROR;
				GCC_WARN_UNDECLARED_SELECTOR = YES;
				GCC_WARN_UNINITIALIZED_AUTOS = YES_AGGRESSIVE;
				GCC_WARN_UNUSED_FUNCTION = YES;
				GCC_WARN_UNUSED_VARIABLE = YES;
				IPHONEOS_DEPLOYMENT_TARGET = 16.0;
				MTL_ENABLE_DEBUG_INFO = INCLUDE_SOURCE;
				MTL_FAST_MATH = YES;
				ONLY_ACTIVE_ARCH = YES;
				SDKROOT = iphoneos;
			};
			name = Debug;
		};
		9B0683B029DEC13000EF3F2F /* Release */ = {
			isa = XCBuildConfiguration;
			buildSettings = {
				ALWAYS_SEARCH_USER_PATHS = NO;
				CLANG_ANALYZER_NONNULL = YES;
				CLANG_ANALYZER_NUMBER_OBJECT_CONVERSION = YES_AGGRESSIVE;
				CLANG_CXX_LANGUAGE_STANDARD = "gnu++20";
				CLANG_ENABLE_MODULES = YES;
				CLANG_ENABLE_OBJC_ARC = YES;
				CLANG_ENABLE_OBJC_WEAK = YES;
				CLANG_WARN_BLOCK_CAPTURE_AUTORELEASING = YES;
				CLANG_WARN_BOOL_CONVERSION = YES;
				CLANG_WARN_COMMA = YES;
				CLANG_WARN_CONSTANT_CONVERSION = YES;
				CLANG_WARN_DEPRECATED_OBJC_IMPLEMENTATIONS = YES;
				CLANG_WARN_DIRECT_OBJC_ISA_USAGE = YES_ERROR;
				CLANG_WARN_DOCUMENTATION_COMMENTS = YES;
				CLANG_WARN_EMPTY_BODY = YES;
				CLANG_WARN_ENUM_CONVERSION = YES;
				CLANG_WARN_INFINITE_RECURSION = YES;
				CLANG_WARN_INT_CONVERSION = YES;
				CLANG_WARN_NON_LITERAL_NULL_CONVERSION = YES;
				CLANG_WARN_OBJC_IMPLICIT_RETAIN_SELF = YES;
				CLANG_WARN_OBJC_LITERAL_CONVERSION = YES;
				CLANG_WARN_OBJC_ROOT_CLASS = YES_ERROR;
				CLANG_WARN_QUOTED_INCLUDE_IN_FRAMEWORK_HEADER = YES;
				CLANG_WARN_RANGE_LOOP_ANALYSIS = YES;
				CLANG_WARN_STRICT_PROTOTYPES = YES;
				CLANG_WARN_SUSPICIOUS_MOVE = YES;
				CLANG_WARN_UNGUARDED_AVAILABILITY = YES_AGGRESSIVE;
				CLANG_WARN_UNREACHABLE_CODE = YES;
				CLANG_WARN__DUPLICATE_METHOD_MATCH = YES;
				COPY_PHASE_STRIP = NO;
				DEBUG_INFORMATION_FORMAT = "dwarf-with-dsym";
				ENABLE_NS_ASSERTIONS = NO;
				ENABLE_STRICT_OBJC_MSGSEND = YES;
				GCC_C_LANGUAGE_STANDARD = gnu11;
				GCC_NO_COMMON_BLOCKS = YES;
				GCC_WARN_64_TO_32_BIT_CONVERSION = YES;
				GCC_WARN_ABOUT_RETURN_TYPE = YES_ERROR;
				GCC_WARN_UNDECLARED_SELECTOR = YES;
				GCC_WARN_UNINITIALIZED_AUTOS = YES_AGGRESSIVE;
				GCC_WARN_UNUSED_FUNCTION = YES;
				GCC_WARN_UNUSED_VARIABLE = YES;
				IPHONEOS_DEPLOYMENT_TARGET = 16.0;
				MTL_ENABLE_DEBUG_INFO = NO;
				MTL_FAST_MATH = YES;
				SDKROOT = iphoneos;
				VALIDATE_PRODUCT = YES;
			};
			name = Release;
		};
		9B0683B229DEC13000EF3F2F /* Debug */ = {
			isa = XCBuildConfiguration;
			baseConfigurationReference = 9FCE8806E4DE98CC1D74B901 /* Pods-FirebaseOTPSample.debug.xcconfig */;
			buildSettings = {
				ASSETCATALOG_COMPILER_APPICON_NAME = AppIcon;
				ASSETCATALOG_COMPILER_GLOBAL_ACCENT_COLOR_NAME = AccentColor;
				CODE_SIGN_STYLE = Automatic;
				CURRENT_PROJECT_VERSION = 1;
				DEVELOPMENT_TEAM = 2ZL8259F3W;
				GENERATE_INFOPLIST_FILE = YES;
				INFOPLIST_FILE = FirebaseOTPSample/Info.plist;
				INFOPLIST_KEY_UIApplicationSupportsIndirectInputEvents = YES;
				INFOPLIST_KEY_UILaunchStoryboardName = LaunchScreen;
				INFOPLIST_KEY_UIMainStoryboardFile = Main;
				INFOPLIST_KEY_UISupportedInterfaceOrientations_iPad = "UIInterfaceOrientationPortrait UIInterfaceOrientationPortraitUpsideDown UIInterfaceOrientationLandscapeLeft UIInterfaceOrientationLandscapeRight";
				INFOPLIST_KEY_UISupportedInterfaceOrientations_iPhone = "UIInterfaceOrientationPortrait UIInterfaceOrientationLandscapeLeft UIInterfaceOrientationLandscapeRight";
				LD_RUNPATH_SEARCH_PATHS = (
					"$(inherited)",
					"@executable_path/Frameworks",
				);
				MARKETING_VERSION = 1.0;
				OTHER_LDFLAGS = (
					$inherited,
					"-ObjC",
				);
				PRODUCT_BUNDLE_IDENTIFIER = com.test.otpsample;
				PRODUCT_NAME = "$(TARGET_NAME)";
				SWIFT_EMIT_LOC_STRINGS = YES;
				TARGETED_DEVICE_FAMILY = "1,2";
			};
			name = Debug;
		};
		9B0683B329DEC13000EF3F2F /* Release */ = {
			isa = XCBuildConfiguration;
			baseConfigurationReference = FD89A24E717F535889828189 /* Pods-FirebaseOTPSample.release.xcconfig */;
			buildSettings = {
				ASSETCATALOG_COMPILER_APPICON_NAME = AppIcon;
				ASSETCATALOG_COMPILER_GLOBAL_ACCENT_COLOR_NAME = AccentColor;
				CODE_SIGN_STYLE = Automatic;
				CURRENT_PROJECT_VERSION = 1;
				DEVELOPMENT_TEAM = 2ZL8259F3W;
				GENERATE_INFOPLIST_FILE = YES;
				INFOPLIST_FILE = FirebaseOTPSample/Info.plist;
				INFOPLIST_KEY_UIApplicationSupportsIndirectInputEvents = YES;
				INFOPLIST_KEY_UILaunchStoryboardName = LaunchScreen;
				INFOPLIST_KEY_UIMainStoryboardFile = Main;
				INFOPLIST_KEY_UISupportedInterfaceOrientations_iPad = "UIInterfaceOrientationPortrait UIInterfaceOrientationPortraitUpsideDown UIInterfaceOrientationLandscapeLeft UIInterfaceOrientationLandscapeRight";
				INFOPLIST_KEY_UISupportedInterfaceOrientations_iPhone = "UIInterfaceOrientationPortrait UIInterfaceOrientationLandscapeLeft UIInterfaceOrientationLandscapeRight";
				LD_RUNPATH_SEARCH_PATHS = (
					"$(inherited)",
					"@executable_path/Frameworks",
				);
				MARKETING_VERSION = 1.0;
				OTHER_LDFLAGS = (
					$inherited,
					"-ObjC",
				);
				PRODUCT_BUNDLE_IDENTIFIER = com.test.otpsample;
				PRODUCT_NAME = "$(TARGET_NAME)";
				SWIFT_EMIT_LOC_STRINGS = YES;
				TARGETED_DEVICE_FAMILY = "1,2";
			};
			name = Release;
		};
/* End XCBuildConfiguration section */

/* Begin XCConfigurationList section */
		9B06839329DEC12F00EF3F2F /* Build configuration list for PBXProject "FirebaseOTPSample" */ = {
			isa = XCConfigurationList;
			buildConfigurations = (
				9B0683AF29DEC13000EF3F2F /* Debug */,
				9B0683B029DEC13000EF3F2F /* Release */,
			);
			defaultConfigurationIsVisible = 0;
			defaultConfigurationName = Release;
		};
		9B0683B129DEC13000EF3F2F /* Build configuration list for PBXNativeTarget "FirebaseOTPSample" */ = {
			isa = XCConfigurationList;
			buildConfigurations = (
				9B0683B229DEC13000EF3F2F /* Debug */,
				9B0683B329DEC13000EF3F2F /* Release */,
			);
			defaultConfigurationIsVisible = 0;
			defaultConfigurationName = Release;
		};
/* End XCConfigurationList section */
	};
	rootObject = 9B06839029DEC12F00EF3F2F /* Project object */;
}
